<?xml version="1.0" encoding="utf-8"?>
<Project ToolsVersion="4.0" xmlns="http://schemas.microsoft.com/developer/msbuild/2003">
  <ItemGroup>
    <Filter Include="Source Files">
      <UniqueIdentifier>{4FC737F1-C7A5-4376-A066-2A32D752A2FF}</UniqueIdentifier>
      <Extensions>cpp;c;cc;cxx;def;odl;idl;hpj;bat;asm;asmx</Extensions>
    </Filter>
    <Filter Include="Header Files">
      <UniqueIdentifier>{93995380-89BD-4b04-88EB-625FBE52EBFB}</UniqueIdentifier>
      <Extensions>h;hh;hpp;hxx;hm;inl;inc;xsd</Extensions>
    </Filter>
    <Filter Include="Resource Files">
      <UniqueIdentifier>{67DA6AB6-F800-4c08-8B7A-83BB121AAD01}</UniqueIdentifier>
      <Extensions>rc;ico;cur;bmp;dlg;rc2;rct;bin;rgs;gif;jpg;jpeg;jpe;resx;tiff;tif;png;wav</Extensions>
    </Filter>
  </ItemGroup>
  <ItemGroup>
    <ClCompile Include="application\CommandArgParser.cpp">
      <Filter>Source Files</Filter>
    </ClCompile>
    <ClCompile Include="application\DecoderConnection.cpp">
      <Filter>Source Files</Filter>
    </ClCompile>
    <ClCompile Include="application\DNDecoderConnectionImpl.cpp">
      <Filter>Source Files</Filter>
    </ClCompile>
    <ClCompile Include="codecs\BasePacketAssembler.cpp">
      <Filter>Source Files</Filter>
    </ClCompile>
    <ClCompile Include="codecs\Context.cpp">
      <Filter>Source Files</Filter>
    </ClCompile>
    <ClCompile Include="codecs\DataSource.cpp">
      <Filter>Source Files</Filter>
    </ClCompile>
    <ClCompile Include="codecs\DataSourceBuffer.cpp">
      <Filter>Source Files</Filter>
    </ClCompile>
    <ClCompile Include="codecs\DataSourceBufferedStream.cpp">
      <Filter>Source Files</Filter>
    </ClCompile>
    <ClCompile Include="codecs\DataSourceStream.cpp">
      <Filter>Source Files</Filter>
    </ClCompile>
    <ClCompile Include="codecs\DataSourceString.cpp">
      <Filter>Source Files</Filter>
    </ClCompile>
    <ClCompile Include="codecs\Decoder.cpp">
      <Filter>Source Files</Filter>
    </ClCompile>
    <ClCompile Include="codecs\DictionaryIndexer.cpp">
      <Filter>Source Files</Filter>
    </ClCompile>
    <ClCompile Include="codecs\Encoder.cpp">
      <Filter>Source Files</Filter>
    </ClCompile>
    <ClCompile Include="codecs\FastEncodedHeaderAnalyzer.cpp">
      <Filter>Source Files</Filter>
    </ClCompile>
    <ClCompile Include="codecs\FieldInstruction.cpp">
      <Filter>Source Files</Filter>
    </ClCompile>
    <ClCompile Include="codecs\FieldInstructionAscii.cpp">
      <Filter>Source Files</Filter>
    </ClCompile>
    <ClCompile Include="codecs\FieldInstructionBlob.cpp">
      <Filter>Source Files</Filter>
    </ClCompile>
    <ClCompile Include="codecs\FieldInstructionByteVector.cpp">
      <Filter>Source Files</Filter>
    </ClCompile>
    <ClCompile Include="codecs\FieldInstructionDecimal.cpp">
      <Filter>Source Files</Filter>
    </ClCompile>
    <ClCompile Include="codecs\FieldInstructionGroup.cpp">
      <Filter>Source Files</Filter>
    </ClCompile>
    <ClCompile Include="codecs\FieldInstructionSequence.cpp">
      <Filter>Source Files</Filter>
    </ClCompile>
    <ClCompile Include="codecs\FieldInstructionTemplateRef.cpp">
      <Filter>Source Files</Filter>
    </ClCompile>
    <ClCompile Include="codecs\FieldInstructionUtf8.cpp">
      <Filter>Source Files</Filter>
    </ClCompile>
    <ClCompile Include="codecs\FieldOp.cpp">
      <Filter>Source Files</Filter>
    </ClCompile>
    <ClCompile Include="codecs\FieldOpConstant.cpp">
      <Filter>Source Files</Filter>
    </ClCompile>
    <ClCompile Include="codecs\FieldOpCopy.cpp">
      <Filter>Source Files</Filter>
    </ClCompile>
    <ClCompile Include="codecs\FieldOpDefault.cpp">
      <Filter>Source Files</Filter>
    </ClCompile>
    <ClCompile Include="codecs\FieldOpDelta.cpp">
      <Filter>Source Files</Filter>
    </ClCompile>
    <ClCompile Include="codecs\FieldOpIncrement.cpp">
      <Filter>Source Files</Filter>
    </ClCompile>
    <ClCompile Include="codecs\FieldOpTail.cpp">
      <Filter>Source Files</Filter>
    </ClCompile>
    <ClCompile Include="codecs\FixedSizeHeaderAnalyzer.cpp">
      <Filter>Source Files</Filter>
    </ClCompile>
    <ClCompile Include="codecs\GenericMessageBuilder.cpp">
      <Filter>Source Files</Filter>
    </ClCompile>
    <ClCompile Include="codecs\MessagePerPacketAssembler.cpp">
      <Filter>Source Files</Filter>
    </ClCompile>
    <ClCompile Include="codecs\MulticastDecoder.cpp">
      <Filter>Source Files</Filter>
    </ClCompile>
    <ClCompile Include="codecs\PacketSequencingAssembler.cpp">
      <Filter>Source Files</Filter>
    </ClCompile>
    <ClCompile Include="codecs\PresenceMap.cpp">
      <Filter>Source Files</Filter>
    </ClCompile>
    <ClCompile Include="codecs\SchemaElement.cpp">
      <Filter>Source Files</Filter>
    </ClCompile>
    <ClCompile Include="codecs\SegmentBody.cpp">
      <Filter>Source Files</Filter>
    </ClCompile>
    <ClCompile Include="codecs\SingleMessageConsumer.cpp">
      <Filter>Source Files</Filter>
    </ClCompile>
    <ClCompile Include="codecs\StreamingAssembler.cpp">
      <Filter>Source Files</Filter>
    </ClCompile>
    <ClCompile Include="codecs\Template.cpp">
      <Filter>Source Files</Filter>
    </ClCompile>
    <ClCompile Include="codecs\TemplateRegistry.cpp">
      <Filter>Source Files</Filter>
    </ClCompile>
    <ClCompile Include="codecs\XMLTemplateParser.cpp">
      <Filter>Source Files</Filter>
    </ClCompile>
    <ClCompile Include="communication\AsioService.cpp">
      <Filter>Source Files</Filter>
    </ClCompile>
    <ClCompile Include="communication\AsynchFileSender.cpp">
      <Filter>Source Files</Filter>
    </ClCompile>
    <ClCompile Include="communication\AsynchSender.cpp">
      <Filter>Source Files</Filter>
    </ClCompile>
    <ClCompile Include="communication\FileSender.cpp">
      <Filter>Source Files</Filter>
    </ClCompile>
    <ClCompile Include="communication\MulticastReceiverHandle.cpp">
      <Filter>Source Files</Filter>
    </ClCompile>
    <ClCompile Include="communication\PCapReader.cpp">
      <Filter>Source Files</Filter>
    </ClCompile>
    <ClCompile Include="common\BitMap.cpp">
      <Filter>Source Files</Filter>
    </ClCompile>
    <ClCompile Include="common\Decimal.cpp">
      <Filter>Source Files</Filter>
    </ClCompile>
    <ClCompile Include="common\dllmain.cpp">
      <Filter>Source Files</Filter>
    </ClCompile>
    <ClCompile Include="common\Profiler.cpp">
      <Filter>Source Files</Filter>
    </ClCompile>
    <ClCompile Include="common\QuickFASTPch.cpp">
      <Filter>Source Files</Filter>
    </ClCompile>
    <ClCompile Include="common\Types.cpp">
      <Filter>Source Files</Filter>
    </ClCompile>
    <ClCompile Include="common\WorkingBuffer.cpp">
      <Filter>Source Files</Filter>
    </ClCompile>
    <ClCompile Include="messages\Field.cpp">
      <Filter>Source Files</Filter>
    </ClCompile>
    <ClCompile Include="messages\FieldAscii.cpp">
      <Filter>Source Files</Filter>
    </ClCompile>
    <ClCompile Include="messages\FieldByteVector.cpp">
      <Filter>Source Files</Filter>
    </ClCompile>
    <ClCompile Include="messages\FieldDecimal.cpp">
      <Filter>Source Files</Filter>
    </ClCompile>
    <ClCompile Include="messages\FieldGroup.cpp">
      <Filter>Source Files</Filter>
    </ClCompile>
    <ClCompile Include="messages\FieldIdentity.cpp">
      <Filter>Source Files</Filter>
    </ClCompile>
    <ClCompile Include="messages\FieldInt16.cpp">
      <Filter>Source Files</Filter>
    </ClCompile>
    <ClCompile Include="messages\FieldInt32.cpp">
      <Filter>Source Files</Filter>
    </ClCompile>
    <ClCompile Include="messages\FieldInt64.cpp">
      <Filter>Source Files</Filter>
    </ClCompile>
    <ClCompile Include="messages\FieldInt8.cpp">
      <Filter>Source Files</Filter>
    </ClCompile>
    <ClCompile Include="messages\FieldSequence.cpp">
      <Filter>Source Files</Filter>
    </ClCompile>
    <ClCompile Include="messages\FieldSet.cpp">
      <Filter>Source Files</Filter>
    </ClCompile>
    <ClCompile Include="messages\FieldString.cpp">
      <Filter>Source Files</Filter>
    </ClCompile>
    <ClCompile Include="messages\FieldUInt16.cpp">
      <Filter>Source Files</Filter>
    </ClCompile>
    <ClCompile Include="messages\FieldUInt32.cpp">
      <Filter>Source Files</Filter>
    </ClCompile>
    <ClCompile Include="messages\FieldUInt64.cpp">
      <Filter>Source Files</Filter>
    </ClCompile>
    <ClCompile Include="messages\FieldUInt8.cpp">
      <Filter>Source Files</Filter>
    </ClCompile>
    <ClCompile Include="messages\FieldUtf8.cpp">
      <Filter>Source Files</Filter>
    </ClCompile>
    <ClCompile Include="messages\Message.cpp">
      <Filter>Source Files</Filter>
    </ClCompile>
    <ClCompile Include="messages\MessageAccessor.cpp">
      <Filter>Source Files</Filter>
    </ClCompile>
    <ClCompile Include="messages\MessageBuilder.cpp">
      <Filter>Source Files</Filter>
    </ClCompile>
    <ClCompile Include="messages\MessageFormatter.cpp">
      <Filter>Source Files</Filter>
    </ClCompile>
  </ItemGroup>
  <ItemGroup>
    <ClInclude Include="application\CommandArgHandler.h">
      <Filter>Header Files</Filter>
    </ClInclude>
    <ClInclude Include="application\CommandArgParser.h">
      <Filter>Header Files</Filter>
    </ClInclude>
    <ClInclude Include="application\DecoderConfiguration.h">
      <Filter>Header Files</Filter>
    </ClInclude>
    <ClInclude Include="application\DecoderConfiguration_fwd.h">
      <Filter>Header Files</Filter>
    </ClInclude>
    <ClInclude Include="application\DecoderConnection.h">
      <Filter>Header Files</Filter>
    </ClInclude>
    <ClInclude Include="application\DecoderConnection_fwd.h">
      <Filter>Header Files</Filter>
    </ClInclude>
    <ClInclude Include="application\DNDecoderConnectionImpl.h">
      <Filter>Header Files</Filter>
    </ClInclude>
    <ClInclude Include="application\DNDecoderConnectionImpl_fwd.h">
      <Filter>Header Files</Filter>
    </ClInclude>
    <ClInclude Include="application\QuickFAST.h">
      <Filter>Header Files</Filter>
    </ClInclude>
    <ClInclude Include="codecs\BasePacketAssembler.h">
      <Filter>Header Files</Filter>
    </ClInclude>
    <ClInclude Include="codecs\BasePacketAssembler_fwd.h">
      <Filter>Header Files</Filter>
    </ClInclude>
    <ClInclude Include="codecs\Context.h">
      <Filter>Header Files</Filter>
    </ClInclude>
    <ClInclude Include="codecs\Context_fwd.h">
      <Filter>Header Files</Filter>
    </ClInclude>
    <ClInclude Include="codecs\DataDestination.h">
      <Filter>Header Files</Filter>
    </ClInclude>
    <ClInclude Include="codecs\DataDestinationString.h">
      <Filter>Header Files</Filter>
    </ClInclude>
    <ClInclude Include="codecs\DataDestination_fwd.h">
      <Filter>Header Files</Filter>
    </ClInclude>
    <ClInclude Include="codecs\DataSource.h">
      <Filter>Header Files</Filter>
    </ClInclude>
    <ClInclude Include="codecs\DataSourceBuffer.h">
      <Filter>Header Files</Filter>
    </ClInclude>
    <ClInclude Include="codecs\DataSourceBufferedStream.h">
      <Filter>Header Files</Filter>
    </ClInclude>
    <ClInclude Include="codecs\DataSourceStream.h">
      <Filter>Header Files</Filter>
    </ClInclude>
    <ClInclude Include="codecs\DataSourceString.h">
      <Filter>Header Files</Filter>
    </ClInclude>
    <ClInclude Include="codecs\DataSource_fwd.h">
      <Filter>Header Files</Filter>
    </ClInclude>
    <ClInclude Include="codecs\Decoder.h">
      <Filter>Header Files</Filter>
    </ClInclude>
    <ClInclude Include="codecs\Decoder_fwd.h">
      <Filter>Header Files</Filter>
    </ClInclude>
    <ClInclude Include="codecs\DictionaryIndexer.h">
      <Filter>Header Files</Filter>
    </ClInclude>
    <ClInclude Include="codecs\DictionaryIndexer_fwd.h">
      <Filter>Header Files</Filter>
    </ClInclude>
    <ClInclude Include="codecs\Encoder.h">
      <Filter>Header Files</Filter>
    </ClInclude>
    <ClInclude Include="codecs\Encoder_fwd.h">
      <Filter>Header Files</Filter>
    </ClInclude>
    <ClInclude Include="codecs\FastEncodedHeaderAnalyzer.h">
      <Filter>Header Files</Filter>
    </ClInclude>
    <ClInclude Include="codecs\FieldInstruction.h">
      <Filter>Header Files</Filter>
    </ClInclude>
    <ClInclude Include="codecs\FieldInstructionAscii.h">
      <Filter>Header Files</Filter>
    </ClInclude>
    <ClInclude Include="codecs\FieldInstructionBlob.h">
      <Filter>Header Files</Filter>
    </ClInclude>
    <ClInclude Include="codecs\FieldInstructionByteVector.h">
      <Filter>Header Files</Filter>
    </ClInclude>
    <ClInclude Include="codecs\FieldInstructionDecimal.h">
      <Filter>Header Files</Filter>
    </ClInclude>
    <ClInclude Include="codecs\FieldInstructionExponent.h">
      <Filter>Header Files</Filter>
    </ClInclude>
    <ClInclude Include="codecs\FieldInstructionGroup.h">
      <Filter>Header Files</Filter>
    </ClInclude>
    <ClInclude Include="codecs\FieldInstructionInt16.h">
      <Filter>Header Files</Filter>
    </ClInclude>
    <ClInclude Include="codecs\FieldInstructionInt32.h">
      <Filter>Header Files</Filter>
    </ClInclude>
    <ClInclude Include="codecs\FieldInstructionInt64.h">
      <Filter>Header Files</Filter>
    </ClInclude>
    <ClInclude Include="codecs\FieldInstructionInt8.h">
      <Filter>Header Files</Filter>
    </ClInclude>
    <ClInclude Include="codecs\FieldInstructionInteger.h">
      <Filter>Header Files</Filter>
    </ClInclude>
    <ClInclude Include="codecs\FieldInstructionMantissa.h">
      <Filter>Header Files</Filter>
    </ClInclude>
    <ClInclude Include="codecs\FieldInstructionSequence.h">
      <Filter>Header Files</Filter>
    </ClInclude>
    <ClInclude Include="codecs\FieldInstructionTemplateRef.h">
      <Filter>Header Files</Filter>
    </ClInclude>
    <ClInclude Include="codecs\FieldInstructionUInt16.h">
      <Filter>Header Files</Filter>
    </ClInclude>
    <ClInclude Include="codecs\FieldInstructionUInt32.h">
      <Filter>Header Files</Filter>
    </ClInclude>
    <ClInclude Include="codecs\FieldInstructionUInt64.h">
      <Filter>Header Files</Filter>
    </ClInclude>
    <ClInclude Include="codecs\FieldInstructionUInt8.h">
      <Filter>Header Files</Filter>
    </ClInclude>
    <ClInclude Include="codecs\FieldInstructionUtf8.h">
      <Filter>Header Files</Filter>
    </ClInclude>
    <ClInclude Include="codecs\FieldInstruction_fwd.h">
      <Filter>Header Files</Filter>
    </ClInclude>
    <ClInclude Include="codecs\FieldOp.h">
      <Filter>Header Files</Filter>
    </ClInclude>
    <ClInclude Include="codecs\FieldOpConstant.h">
      <Filter>Header Files</Filter>
    </ClInclude>
    <ClInclude Include="codecs\FieldOpCopy.h">
      <Filter>Header Files</Filter>
    </ClInclude>
    <ClInclude Include="codecs\FieldOpDefault.h">
      <Filter>Header Files</Filter>
    </ClInclude>
    <ClInclude Include="codecs\FieldOpDelta.h">
      <Filter>Header Files</Filter>
    </ClInclude>
    <ClInclude Include="codecs\FieldOpIncrement.h">
      <Filter>Header Files</Filter>
    </ClInclude>
    <ClInclude Include="codecs\FieldOpNop.h">
      <Filter>Header Files</Filter>
    </ClInclude>
    <ClInclude Include="codecs\FieldOpTail.h">
      <Filter>Header Files</Filter>
    </ClInclude>
    <ClInclude Include="codecs\FieldOp_fwd.h">
      <Filter>Header Files</Filter>
    </ClInclude>
    <ClInclude Include="codecs\FixedSizeHeaderAnalyzer.h">
      <Filter>Header Files</Filter>
    </ClInclude>
    <ClInclude Include="codecs\GenericMessageBuilder.h">
      <Filter>Header Files</Filter>
    </ClInclude>
    <ClInclude Include="codecs\HeaderAnalyzer.h">
      <Filter>Header Files</Filter>
    </ClInclude>
    <ClInclude Include="codecs\HeaderAnalyzer_fwd.h">
      <Filter>Header Files</Filter>
    </ClInclude>
    <ClInclude Include="codecs\MessageConsumer.h">
      <Filter>Header Files</Filter>
    </ClInclude>
    <ClInclude Include="codecs\MessageConsumer_fwd.h">
      <Filter>Header Files</Filter>
    </ClInclude>
    <ClInclude Include="codecs\MessagePerPacketAssembler.h">
      <Filter>Header Files</Filter>
    </ClInclude>
    <ClInclude Include="codecs\MessagePerPacketAssembler_fwd.h">
      <Filter>Header Files</Filter>
    </ClInclude>
    <ClInclude Include="codecs\MulticastDecoder.h">
      <Filter>Header Files</Filter>
    </ClInclude>
    <ClInclude Include="codecs\MulticastDecoder_fwd.h">
      <Filter>Header Files</Filter>
    </ClInclude>
    <ClInclude Include="codecs\NoHeaderAnalyzer.h">
      <Filter>Header Files</Filter>
    </ClInclude>
    <ClInclude Include="codecs\PacketSequencingAssembler.h">
      <Filter>Header Files</Filter>
    </ClInclude>
    <ClInclude Include="codecs\PacketSequencingAssembler_fwd.h">
      <Filter>Header Files</Filter>
    </ClInclude>
    <ClInclude Include="codecs\PresenceMap.h">
      <Filter>Header Files</Filter>
    </ClInclude>
    <ClInclude Include="codecs\PresenceMap_fwd.h">
      <Filter>Header Files</Filter>
    </ClInclude>
    <ClInclude Include="codecs\SchemaElement.h">
      <Filter>Header Files</Filter>
    </ClInclude>
    <ClInclude Include="codecs\SchemaElement_fwd.h">
      <Filter>Header Files</Filter>
    </ClInclude>
    <ClInclude Include="codecs\SegmentBody.h">
      <Filter>Header Files</Filter>
    </ClInclude>
    <ClInclude Include="codecs\SegmentBody_fwd.h">
      <Filter>Header Files</Filter>
    </ClInclude>
    <ClInclude Include="codecs\SingleMessageConsumer.h">
      <Filter>Header Files</Filter>
    </ClInclude>
    <ClInclude Include="codecs\StreamingAssembler.h">
      <Filter>Header Files</Filter>
    </ClInclude>
    <ClInclude Include="codecs\SynchronousDecoder.h">
      <Filter>Header Files</Filter>
    </ClInclude>
    <ClInclude Include="codecs\Template.h">
      <Filter>Header Files</Filter>
    </ClInclude>
    <ClInclude Include="codecs\TemplateRegistry.h">
      <Filter>Header Files</Filter>
    </ClInclude>
    <ClInclude Include="codecs\TemplateRegistry_fwd.h">
      <Filter>Header Files</Filter>
    </ClInclude>
    <ClInclude Include="codecs\Template_fwd.h">
      <Filter>Header Files</Filter>
    </ClInclude>
    <ClInclude Include="codecs\XMLTemplateParser.h">
      <Filter>Header Files</Filter>
    </ClInclude>
    <ClInclude Include="codecs\XMLTemplateParser_fwd.h">
      <Filter>Header Files</Filter>
    </ClInclude>
    <ClInclude Include="communication\AsioService.h">
      <Filter>Header Files</Filter>
    </ClInclude>
    <ClInclude Include="communication\AsioService_fwd.h">
      <Filter>Header Files</Filter>
    </ClInclude>
    <ClInclude Include="communication\Assembler.h">
      <Filter>Header Files</Filter>
    </ClInclude>
    <ClInclude Include="communication\Assembler_fwd.h">
      <Filter>Header Files</Filter>
    </ClInclude>
    <ClInclude Include="communication\AsynchFileReceiver.h">
      <Filter>Header Files</Filter>
    </ClInclude>
    <ClInclude Include="communication\AsynchFileReceiver_fwd.h">
      <Filter>Header Files</Filter>
    </ClInclude>
    <ClInclude Include="communication\AsynchFileSender.h">
      <Filter>Header Files</Filter>
    </ClInclude>
    <ClInclude Include="communication\AsynchFileSender_fwd.h">
      <Filter>Header Files</Filter>
    </ClInclude>
    <ClInclude Include="communication\AsynchReceiver.h">
      <Filter>Header Files</Filter>
    </ClInclude>
    <ClInclude Include="communication\AsynchReceiver_fwd.h">
      <Filter>Header Files</Filter>
    </ClInclude>
    <ClInclude Include="communication\AsynchSender.h">
      <Filter>Header Files</Filter>
    </ClInclude>
    <ClInclude Include="communication\AsynchSender_fwd.h">
      <Filter>Header Files</Filter>
    </ClInclude>
    <ClInclude Include="communication\AtomicQueue.h">
      <Filter>Header Files</Filter>
    </ClInclude>
    <ClInclude Include="communication\AtomicQueue_fwd.h">
      <Filter>Header Files</Filter>
    </ClInclude>
    <ClInclude Include="communication\BufferedRawFileReceiver.h">
      <Filter>Header Files</Filter>
    </ClInclude>
    <ClInclude Include="communication\BufferedRawFileReceiver_fwd.h">
      <Filter>Header Files</Filter>
    </ClInclude>
    <ClInclude Include="communication\BufferQueue.h">
      <Filter>Header Files</Filter>
    </ClInclude>
    <ClInclude Include="communication\BufferQueue_fwd.h">
      <Filter>Header Files</Filter>
    </ClInclude>
    <ClInclude Include="communication\BufferReceiver.h">
      <Filter>Header Files</Filter>
    </ClInclude>
    <ClInclude Include="communication\BufferReceiver_fwd.h">
      <Filter>Header Files</Filter>
    </ClInclude>
    <ClInclude Include="communication\BufferRecycler.h">
      <Filter>Header Files</Filter>
    </ClInclude>
    <ClInclude Include="communication\FileSender.h">
      <Filter>Header Files</Filter>
    </ClInclude>
    <ClInclude Include="communication\FileSender_fwd.h">
      <Filter>Header Files</Filter>
    </ClInclude>
    <ClInclude Include="communication\LinkedBuffer.h">
      <Filter>Header Files</Filter>
    </ClInclude>
    <ClInclude Include="communication\LinkedBuffer_fwd.h">
      <Filter>Header Files</Filter>
    </ClInclude>
    <ClInclude Include="communication\MulticastReceiver.h">
      <Filter>Header Files</Filter>
    </ClInclude>
    <ClInclude Include="communication\MulticastReceiverHandle.h">
      <Filter>Header Files</Filter>
    </ClInclude>
    <ClInclude Include="communication\MulticastReceiver_fwd.h">
      <Filter>Header Files</Filter>
    </ClInclude>
    <ClInclude Include="communication\MulticastSender.h">
      <Filter>Header Files</Filter>
    </ClInclude>
    <ClInclude Include="communication\MulticastSender_fwd.h">
      <Filter>Header Files</Filter>
    </ClInclude>
    <ClInclude Include="communication\PCapFileReceiver.h">
      <Filter>Header Files</Filter>
    </ClInclude>
    <ClInclude Include="communication\PCapFileReceiver_fwd.h">
      <Filter>Header Files</Filter>
    </ClInclude>
    <ClInclude Include="communication\PCapReader.h">
      <Filter>Header Files</Filter>
    </ClInclude>
    <ClInclude Include="communication\RawFileReceiver.h">
      <Filter>Header Files</Filter>
    </ClInclude>
    <ClInclude Include="communication\RawFileReceiver_fwd.h">
      <Filter>Header Files</Filter>
    </ClInclude>
    <ClInclude Include="communication\Receiver.h">
      <Filter>Header Files</Filter>
    </ClInclude>
    <ClInclude Include="communication\Receiver_fwd.h">
      <Filter>Header Files</Filter>
    </ClInclude>
    <ClInclude Include="communication\RecoveryFeed.h">
      <Filter>Header Files</Filter>
    </ClInclude>
    <ClInclude Include="communication\RecoveryFeed_fwd.h">
      <Filter>Header Files</Filter>
    </ClInclude>
    <ClInclude Include="communication\Sender.h">
      <Filter>Header Files</Filter>
    </ClInclude>
    <ClInclude Include="communication\Sender_fwd.h">
      <Filter>Header Files</Filter>
    </ClInclude>
    <ClInclude Include="communication\SingleServerBufferQueue.h">
      <Filter>Header Files</Filter>
    </ClInclude>
    <ClInclude Include="communication\SingleServerBufferQueue_fwd.h">
      <Filter>Header Files</Filter>
    </ClInclude>
    <ClInclude Include="communication\SynchReceiver.h">
      <Filter>Header Files</Filter>
    </ClInclude>
    <ClInclude Include="communication\SynchReceiver_fwd.h">
      <Filter>Header Files</Filter>
    </ClInclude>
    <ClInclude Include="communication\TCPReceiver.h">
      <Filter>Header Files</Filter>
    </ClInclude>
    <ClInclude Include="communication\TCPReceiver_fwd.h">
      <Filter>Header Files</Filter>
    </ClInclude>
    <ClInclude Include="common\AtomicCounter.h">
      <Filter>Header Files</Filter>
    </ClInclude>
    <ClInclude Include="common\AtomicOps.h">
      <Filter>Header Files</Filter>
    </ClInclude>
    <ClInclude Include="common\AtomicPointer.h">
      <Filter>Header Files</Filter>
    </ClInclude>
    <ClInclude Include="common\BitMap.h">
      <Filter>Header Files</Filter>
    </ClInclude>
    <ClInclude Include="common\ByteSwapper.h">
      <Filter>Header Files</Filter>
    </ClInclude>
    <ClInclude Include="common\Constants.h">
      <Filter>Header Files</Filter>
    </ClInclude>
    <ClInclude Include="common\Decimal.h">
      <Filter>Header Files</Filter>
    </ClInclude>
    <ClInclude Include="common\Decimal_fwd.h">
      <Filter>Header Files</Filter>
    </ClInclude>
    <ClInclude Include="common\Exceptions.h">
      <Filter>Header Files</Filter>
    </ClInclude>
    <ClInclude Include="common\Logger.h">
      <Filter>Header Files</Filter>
    </ClInclude>
    <ClInclude Include="common\Logger_fwd.h">
      <Filter>Header Files</Filter>
    </ClInclude>
    <ClInclude Include="common\Profiler.h">
      <Filter>Header Files</Filter>
    </ClInclude>
    <ClInclude Include="common\QuickFASTPch.h">
      <Filter>Header Files</Filter>
    </ClInclude>
    <ClInclude Include="common\QuickFAST_Export.h">
      <Filter>Header Files</Filter>
    </ClInclude>
    <ClInclude Include="common\StringBuffer.h">
      <Filter>Header Files</Filter>
    </ClInclude>
    <ClInclude Include="common\Types.h">
      <Filter>Header Files</Filter>
    </ClInclude>
    <ClInclude Include="common\Value.h">
      <Filter>Header Files</Filter>
    </ClInclude>
    <ClInclude Include="common\Value_fwd.h">
      <Filter>Header Files</Filter>
    </ClInclude>
    <ClInclude Include="common\Version.h">
      <Filter>Header Files</Filter>
    </ClInclude>
    <ClInclude Include="common\WorkingBuffer.h">
      <Filter>Header Files</Filter>
    </ClInclude>
    <ClInclude Include="messages\Field.h">
      <Filter>Header Files</Filter>
    </ClInclude>
    <ClInclude Include="messages\FieldAscii.h">
      <Filter>Header Files</Filter>
    </ClInclude>
    <ClInclude Include="messages\FieldByteVector.h">
      <Filter>Header Files</Filter>
    </ClInclude>
    <ClInclude Include="messages\FieldDecimal.h">
      <Filter>Header Files</Filter>
    </ClInclude>
    <ClInclude Include="messages\FieldGroup.h">
      <Filter>Header Files</Filter>
    </ClInclude>
    <ClInclude Include="messages\FieldIdentity.h">
      <Filter>Header Files</Filter>
    </ClInclude>
    <ClInclude Include="messages\FieldIdentity_fwd.h">
      <Filter>Header Files</Filter>
    </ClInclude>
    <ClInclude Include="messages\FieldInt16.h">
      <Filter>Header Files</Filter>
    </ClInclude>
    <ClInclude Include="messages\FieldInt32.h">
      <Filter>Header Files</Filter>
    </ClInclude>
    <ClInclude Include="messages\FieldInt64.h">
      <Filter>Header Files</Filter>
    </ClInclude>
    <ClInclude Include="messages\FieldInt8.h">
      <Filter>Header Files</Filter>
    </ClInclude>
    <ClInclude Include="messages\FieldSequence.h">
      <Filter>Header Files</Filter>
    </ClInclude>
    <ClInclude Include="messages\FieldSet.h">
      <Filter>Header Files</Filter>
    </ClInclude>
    <ClInclude Include="messages\FieldSet_fwd.h">
      <Filter>Header Files</Filter>
    </ClInclude>
    <ClInclude Include="messages\FieldString.h">
      <Filter>Header Files</Filter>
    </ClInclude>
    <ClInclude Include="messages\FieldUInt16.h">
      <Filter>Header Files</Filter>
    </ClInclude>
    <ClInclude Include="messages\FieldUInt32.h">
      <Filter>Header Files</Filter>
    </ClInclude>
    <ClInclude Include="messages\FieldUInt64.h">
      <Filter>Header Files</Filter>
    </ClInclude>
    <ClInclude Include="messages\FieldUInt8.h">
      <Filter>Header Files</Filter>
    </ClInclude>
    <ClInclude Include="messages\FieldUtf8.h">
      <Filter>Header Files</Filter>
    </ClInclude>
    <ClInclude Include="messages\Field_fwd.h">
      <Filter>Header Files</Filter>
    </ClInclude>
    <ClInclude Include="messages\Group.h">
      <Filter>Header Files</Filter>
    </ClInclude>
    <ClInclude Include="messages\Group_fwd.h">
      <Filter>Header Files</Filter>
    </ClInclude>
    <ClInclude Include="messages\Message.h">
      <Filter>Header Files</Filter>
    </ClInclude>
    <ClInclude Include="messages\MessageAccessor.h">
      <Filter>Header Files</Filter>
    </ClInclude>
    <ClInclude Include="messages\MessageBuilder.h">
      <Filter>Header Files</Filter>
    </ClInclude>
    <ClInclude Include="messages\MessageBuilder_fwd.h">
      <Filter>Header Files</Filter>
    </ClInclude>
    <ClInclude Include="messages\MessageField.h">
      <Filter>Header Files</Filter>
    </ClInclude>
    <ClInclude Include="messages\MessageField_fwd.h">
      <Filter>Header Files</Filter>
    </ClInclude>
    <ClInclude Include="messages\MessageFormatter.h">
      <Filter>Header Files</Filter>
    </ClInclude>
    <ClInclude Include="messages\Message_fwd.h">
      <Filter>Header Files</Filter>
    </ClInclude>
    <ClInclude Include="messages\Sequence.h">
      <Filter>Header Files</Filter>
    </ClInclude>
    <ClInclude Include="messages\Sequence_fwd.h">
      <Filter>Header Files</Filter>
    </ClInclude>
    <ClInclude Include="messages\SequentialSingleValueBuilder.h">
      <Filter>Header Files</Filter>
    </ClInclude>
    <ClInclude Include="messages\SingleValueBuilder.h">
      <Filter>Header Files</Filter>
    </ClInclude>
    <ClInclude Include="messages\SpecialAccessors.h">
      <Filter>Header Files</Filter>
    </ClInclude>
    <ClInclude Include="messages\ValueMessageBuilder.h">
      <Filter>Header Files</Filter>
    </ClInclude>
    <ClInclude Include="messages\ValueMessageBuilder_fwd.h">
      <Filter>Header Files</Filter>
    </ClInclude>
  </ItemGroup>
</Project>